
Microsoft Visual Studio Solution File, Format Version 12.00
# Visual Studio Version 16
VisualStudioVersion = 16.0.31205.134
MinimumVisualStudioVersion = 10.0.40219.1
Project("{FAE04EC0-301F-11D3-BF4B-00C04F79EFBC}") = "LP2softRRHHModel", "LP2softRRHHModel\LP2softRRHHModel.csproj", "{6C2372DD-7F82-4B78-9548-E1ABF6884A50}"
EndProject
Project("{FAE04EC0-301F-11D3-BF4B-00C04F79EFBC}") = "LP2softRRHHController", "LP2softRRHHController\LP2softRRHHController.csproj", "{992CC35D-71C6-47BB-A0B3-9BF41AC18EB5}"
EndProject
Project("{FAE04EC0-301F-11D3-BF4B-00C04F79EFBC}") = "LP2Soft", "LP2Soft\LP2Soft.csproj", "{4D400A58-7D60-4C22-AC25-434CAEBB0FA1}"
EndProject
Global
	GlobalSection(SolutionConfigurationPlatforms) = preSolution
		Debug|Any CPU = Debug|Any CPU
		Release|Any CPU = Release|Any CPU
	EndGlobalSection
	GlobalSection(ProjectConfigurationPlatforms) = postSolution
		{6C2372DD-7F82-4B78-9548-E1ABF6884A50}.Debug|Any CPU.ActiveCfg = Debug|Any CPU
		{6C2372DD-7F82-4B78-9548-E1ABF6884A50}.Debug|Any CPU.Build.0 = Debug|Any CPU
		{6C2372DD-7F82-4B78-9548-E1ABF6884A50}.Release|Any CPU.ActiveCfg = Release|Any CPU
		{6C2372DD-7F82-4B78-9548-E1ABF6884A50}.Release|Any CPU.Build.0 = Release|Any CPU
		{992CC35D-71C6-47BB-A0B3-9BF41AC18EB5}.Debug|Any CPU.ActiveCfg = Debug|Any CPU
		{992CC35D-71C6-47BB-A0B3-9BF41AC18EB5}.Debug|Any CPU.Build.0 = Debug|Any CPU
		{992CC35D-71C6-47BB-A0B3-9BF41AC18EB5}.Release|Any CPU.ActiveCfg = Release|Any CPU
		{992CC35D-71C6-47BB-A0B3-9BF41AC18EB5}.Release|Any CPU.Build.0 = Release|Any CPU
		{4D400A58-7D60-4C22-AC25-434CAEBB0FA1}.Debug|Any CPU.ActiveCfg = Debug|Any CPU
		{4D400A58-7D60-4C22-AC25-434CAEBB0FA1}.Debug|Any CPU.Build.0 = Debug|Any CPU
		{4D400A58-7D60-4C22-AC25-434CAEBB0FA1}.Release|Any CPU.ActiveCfg = Release|Any CPU
		{4D400A58-7D60-4C22-AC25-434CAEBB0FA1}.Release|Any CPU.Build.0 = Release|Any CPU
	EndGlobalSection
	GlobalSection(SolutionProperties) = preSolution
		HideSolutionNode = FALSE
	EndGlobalSection
	GlobalSection(ExtensibilityGlobals) = postSolution
		SolutionGuid = {D69EAB9F-0962-4A2C-93D3-AF0DDF80E393}
	EndGlobalSection
EndGlobal
